<?xml version="1.0" encoding="utf-8"?>
<Project ToolsVersion="4.0" xmlns="http://schemas.microsoft.com/developer/msbuild/2003">
  <ItemGroup>
    <Filter Include="Core">
      <UniqueIdentifier>{0f46415e-6b11-4c21-87eb-eadadb020007}</UniqueIdentifier>
    </Filter>
    <Filter Include="GameObject">
      <UniqueIdentifier>{935eb3b4-5fb2-4dad-906c-6cd03f9f42ee}</UniqueIdentifier>
    </Filter>
    <Filter Include="Script">
      <UniqueIdentifier>{6a22abd6-ca95-4dcd-beda-e8169d90d138}</UniqueIdentifier>
    </Filter>
    <Filter Include="Scene">
      <UniqueIdentifier>{fd5a30d2-35c3-4bbb-ab89-9475f0375024}</UniqueIdentifier>
    </Filter>
    <Filter Include="Script\Debug">
      <UniqueIdentifier>{ee07bd7b-9098-4fc5-9e7e-9b05c57de0eb}</UniqueIdentifier>
    </Filter>
    <Filter Include="Imgui">
      <UniqueIdentifier>{edfdd967-a7e1-47fe-b655-41ffd5efd1c1}</UniqueIdentifier>
    </Filter>
  </ItemGroup>
  <ItemGroup>
    <ClInclude Include="Source\Core\Collider.h">
      <Filter>Core</Filter>
    </ClInclude>
    <ClInclude Include="Source\Core\Collision.h">
      <Filter>Core</Filter>
    </ClInclude>
    <ClInclude Include="Source\Core\Color.h">
      <Filter>Core</Filter>
    </ClInclude>
    <ClInclude Include="Source\Core\Common.h">
      <Filter>Core</Filter>
    </ClInclude>
    <ClInclude Include="Source\Core\Component.h">
      <Filter>Core</Filter>
    </ClInclude>
    <ClInclude Include="Source\Core\Core.h">
      <Filter>Core</Filter>
    </ClInclude>
    <ClInclude Include="Source\Core\Direct3D.h">
      <Filter>Core</Filter>
    </ClInclude>
    <ClInclude Include="Source\Core\Drawable.h">
      <Filter>Core</Filter>
    </ClInclude>
    <ClInclude Include="Source\Core\Easing.h">
      <Filter>Core</Filter>
    </ClInclude>
    <ClInclude Include="Source\Core\Event.h">
      <Filter>Core</Filter>
    </ClInclude>
    <ClInclude Include="Source\Core\Game.h">
      <Filter>Core</Filter>
    </ClInclude>
    <ClInclude Include="Source\Core\GameManager.h">
      <Filter>Core</Filter>
    </ClInclude>
    <ClInclude Include="Source\Core\Input.h">
      <Filter>Core</Filter>
    </ClInclude>
    <ClInclude Include="Source\Core\Layer.h">
      <Filter>Core</Filter>
    </ClInclude>
    <ClInclude Include="Source\Core\Lerp.h">
      <Filter>Core</Filter>
    </ClInclude>
    <ClInclude Include="Source\Core\Math.h">
      <Filter>Core</Filter>
    </ClInclude>
    <ClInclude Include="Source\Core\ModelData.h">
      <Filter>Core</Filter>
    </ClInclude>
    <ClInclude Include="Source\Core\Object.h">
      <Filter>Core</Filter>
    </ClInclude>
    <ClInclude Include="Source\Core\ObjectManager.h">
      <Filter>Core</Filter>
    </ClInclude>
    <ClInclude Include="Source\Core\ObjectType.h">
      <Filter>Core</Filter>
    </ClInclude>
    <ClInclude Include="Source\Core\ParticleSystem.h">
      <Filter>Core</Filter>
    </ClInclude>
    <ClInclude Include="Source\Core\PerlinNoise.h">
      <Filter>Core</Filter>
    </ClInclude>
    <ClInclude Include="Source\Core\Physics.h">
      <Filter>Core</Filter>
    </ClInclude>
    <ClInclude Include="Source\Core\Polygon.h">
      <Filter>Core</Filter>
    </ClInclude>
    <ClInclude Include="Source\Core\Random.h">
      <Filter>Core</Filter>
    </ClInclude>
    <ClInclude Include="Source\Core\Renderer.h">
      <Filter>Core</Filter>
    </ClInclude>
    <ClInclude Include="Source\Core\RendererType.h">
      <Filter>Core</Filter>
    </ClInclude>
    <ClInclude Include="Source\Core\RenderSpace.h">
      <Filter>Core</Filter>
    </ClInclude>
    <ClInclude Include="Source\Core\RenderTarget.h">
      <Filter>Core</Filter>
    </ClInclude>
    <ClInclude Include="Source\Core\Resource.h">
      <Filter>Core</Filter>
    </ClInclude>
    <ClInclude Include="Source\Core\Rigidbody.h">
      <Filter>Core</Filter>
    </ClInclude>
    <ClInclude Include="Source\Core\Scene.h">
      <Filter>Core</Filter>
    </ClInclude>
    <ClInclude Include="Source\Core\Script.h">
      <Filter>Core</Filter>
    </ClInclude>
    <ClInclude Include="Source\Core\Shader.h">
      <Filter>Core</Filter>
    </ClInclude>
    <ClInclude Include="Source\Core\Singleton.h">
      <Filter>Core</Filter>
    </ClInclude>
    <ClInclude Include="Source\Core\SkinnedModel.h">
      <Filter>Core</Filter>
    </ClInclude>
    <ClInclude Include="Source\Core\Sound.h">
      <Filter>Core</Filter>
    </ClInclude>
    <ClInclude Include="Source\Core\SoundPlayer.h">
      <Filter>Core</Filter>
    </ClInclude>
    <ClInclude Include="Source\Core\StaticModel.h">
      <Filter>Core</Filter>
    </ClInclude>
    <ClInclude Include="Source\Core\System.h">
      <Filter>Core</Filter>
    </ClInclude>
    <ClInclude Include="Source\Core\Text.h">
      <Filter>Core</Filter>
    </ClInclude>
    <ClInclude Include="Source\Core\Texture.h">
      <Filter>Core</Filter>
    </ClInclude>
    <ClInclude Include="Source\Core\Time.h">
      <Filter>Core</Filter>
    </ClInclude>
    <ClInclude Include="Source\Core\Transform.h">
      <Filter>Core</Filter>
    </ClInclude>
    <ClInclude Include="Source\Core\Vector.h">
      <Filter>Core</Filter>
    </ClInclude>
    <ClInclude Include="Source\Core\Window.h">
      <Filter>Core</Filter>
    </ClInclude>
    <ClInclude Include="Source\Core\AllocateHirerachy.h">
      <Filter>Core</Filter>
    </ClInclude>
    <ClInclude Include="Source\Core\Billboard.h">
      <Filter>Core</Filter>
    </ClInclude>
    <ClInclude Include="Source\Core\BoneFrame.h">
      <Filter>Core</Filter>
    </ClInclude>
    <ClInclude Include="Source\Core\Camera.h">
      <Filter>Core</Filter>
    </ClInclude>
    <ClInclude Include="Source\Light.h" />
    <ClInclude Include="Source\Player.h">
      <Filter>GameObject</Filter>
    </ClInclude>
    <ClInclude Include="Source\FadeScreen.h">
      <Filter>GameObject</Filter>
    </ClInclude>
    <ClInclude Include="Source\FreeCamera.h">
      <Filter>GameObject</Filter>
    </ClInclude>
    <ClInclude Include="Source\SceneGlobal.h">
      <Filter>Scene</Filter>
    </ClInclude>
    <ClInclude Include="Source\SceneExplorer.h">
      <Filter>Scene</Filter>
    </ClInclude>
    <ClInclude Include="Source\SceneImGuiTest.h">
      <Filter>Scene</Filter>
    </ClInclude>
    <ClInclude Include="Source\SceneYangTest.h">
      <Filter>Scene</Filter>
    </ClInclude>
    <ClInclude Include="Source\CameraPlay.h">
      <Filter>Script</Filter>
    </ClInclude>
    <ClInclude Include="Source\CameraSmoothFollow.h">
      <Filter>Script</Filter>
    </ClInclude>
    <ClInclude Include="Source\CameraSphericalCoordinate.h">
      <Filter>Script</Filter>
    </ClInclude>
    <ClInclude Include="Source\DebugManager.h">
      <Filter>GameObject</Filter>
    </ClInclude>
    <ClInclude Include="Source\DebugMenu.h">
      <Filter>Script\Debug</Filter>
    </ClInclude>
    <ClInclude Include="Source\Inspector.h">
      <Filter>Script\Debug</Filter>
    </ClInclude>
    <ClInclude Include="Source\InspectorContentCamera.h">
      <Filter>Script\Debug</Filter>
    </ClInclude>
    <ClInclude Include="Source\InspectorContentPlayer.h">
      <Filter>Script\Debug</Filter>
    </ClInclude>
    <ClInclude Include="Source\ObjectExplorer.h">
      <Filter>Script\Debug</Filter>
    </ClInclude>
    <ClInclude Include="Source\Snapshot.h">
      <Filter>Script\Debug</Filter>
    </ClInclude>
    <ClInclude Include="Source\Imgui\imgui_internal.h">
      <Filter>Imgui</Filter>
    </ClInclude>
    <ClInclude Include="Source\Imgui\ImGuiImpl.h">
      <Filter>Imgui</Filter>
    </ClInclude>
    <ClInclude Include="Source\Imgui\imconfig.h">
      <Filter>Imgui</Filter>
    </ClInclude>
    <ClInclude Include="Source\Imgui\imgui.h">
      <Filter>Imgui</Filter>
    </ClInclude>
    <ClInclude Include="Source\MainCamera.h">
      <Filter>GameObject</Filter>
    </ClInclude>
    <ClInclude Include="Source\SceneHaraTest.h">
      <Filter>Scene</Filter>
    </ClInclude>
    <ClInclude Include="Source\SceneTitle.h">
      <Filter>Scene</Filter>
    </ClInclude>
    <ClInclude Include="Source\SceneMainGame.h">
      <Filter>Scene</Filter>
    </ClInclude>
    <ClInclude Include="Source\SceneResult.h">
      <Filter>Scene</Filter>
    </ClInclude>
    <ClInclude Include="Source\ScoreObject.h">
      <Filter>GameObject</Filter>
    </ClInclude>
    <ClInclude Include="Source\TimerObject.h">
      <Filter>GameObject</Filter>
    </ClInclude>
  </ItemGroup>
  <ItemGroup>
    <ClCompile Include="Source\Core\Collision.cpp">
      <Filter>Core</Filter>
    </ClCompile>
    <ClCompile Include="Source\Core\Color.cpp">
      <Filter>Core</Filter>
    </ClCompile>
    <ClCompile Include="Source\Core\Common.cpp">
      <Filter>Core</Filter>
    </ClCompile>
    <ClCompile Include="Source\Core\Component.cpp">
      <Filter>Core</Filter>
    </ClCompile>
    <ClCompile Include="Source\Core\Direct3D.cpp">
      <Filter>Core</Filter>
    </ClCompile>
    <ClCompile Include="Source\Core\Drawable.cpp">
      <Filter>Core</Filter>
    </ClCompile>
    <ClCompile Include="Source\Core\Easing.cpp">
      <Filter>Core</Filter>
    </ClCompile>
    <ClCompile Include="Source\Core\Event.cpp">
      <Filter>Core</Filter>
    </ClCompile>
    <ClCompile Include="Source\Core\Game.cpp">
      <Filter>Core</Filter>
    </ClCompile>
    <ClCompile Include="Source\Core\GameManager.cpp">
      <Filter>Core</Filter>
    </ClCompile>
    <ClCompile Include="Source\Core\Input.cpp">
      <Filter>Core</Filter>
    </ClCompile>
    <ClCompile Include="Source\Core\Lerp.cpp">
      <Filter>Core</Filter>
    </ClCompile>
    <ClCompile Include="Source\Core\ModelData.cpp">
      <Filter>Core</Filter>
    </ClCompile>
    <ClCompile Include="Source\Core\Object.cpp">
      <Filter>Core</Filter>
    </ClCompile>
    <ClCompile Include="Source\Core\ObjectManager.cpp">
      <Filter>Core</Filter>
    </ClCompile>
    <ClCompile Include="Source\Core\ParticleSystem.cpp">
      <Filter>Core</Filter>
    </ClCompile>
    <ClCompile Include="Source\Core\PerlinNoise.cpp">
      <Filter>Core</Filter>
    </ClCompile>
    <ClCompile Include="Source\Core\Physics.cpp">
      <Filter>Core</Filter>
    </ClCompile>
    <ClCompile Include="Source\Core\Polygon.cpp">
      <Filter>Core</Filter>
    </ClCompile>
    <ClCompile Include="Source\Core\Random.cpp">
      <Filter>Core</Filter>
    </ClCompile>
    <ClCompile Include="Source\Core\Renderer.cpp">
      <Filter>Core</Filter>
    </ClCompile>
    <ClCompile Include="Source\Core\RenderSpace.cpp">
      <Filter>Core</Filter>
    </ClCompile>
    <ClCompile Include="Source\Core\RenderTarget.cpp">
      <Filter>Core</Filter>
    </ClCompile>
    <ClCompile Include="Source\Core\Rigidbody.cpp">
      <Filter>Core</Filter>
    </ClCompile>
    <ClCompile Include="Source\Core\Scene.cpp">
      <Filter>Core</Filter>
    </ClCompile>
    <ClCompile Include="Source\Core\Script.cpp">
      <Filter>Core</Filter>
    </ClCompile>
    <ClCompile Include="Source\Core\Shader.cpp">
      <Filter>Core</Filter>
    </ClCompile>
    <ClCompile Include="Source\Core\SkinnedModel.cpp">
      <Filter>Core</Filter>
    </ClCompile>
    <ClCompile Include="Source\Core\Sound.cpp">
      <Filter>Core</Filter>
    </ClCompile>
    <ClCompile Include="Source\Core\SoundPlayer.cpp">
      <Filter>Core</Filter>
    </ClCompile>
    <ClCompile Include="Source\Core\StaticModel.cpp">
      <Filter>Core</Filter>
    </ClCompile>
    <ClCompile Include="Source\Core\System.cpp">
      <Filter>Core</Filter>
    </ClCompile>
    <ClCompile Include="Source\Core\Text.cpp">
      <Filter>Core</Filter>
    </ClCompile>
    <ClCompile Include="Source\Core\Texture.cpp">
      <Filter>Core</Filter>
    </ClCompile>
    <ClCompile Include="Source\Core\Time.cpp">
      <Filter>Core</Filter>
    </ClCompile>
    <ClCompile Include="Source\Core\Transform.cpp">
      <Filter>Core</Filter>
    </ClCompile>
    <ClCompile Include="Source\Core\Vector.cpp">
      <Filter>Core</Filter>
    </ClCompile>
    <ClCompile Include="Source\Core\Window.cpp">
      <Filter>Core</Filter>
    </ClCompile>
    <ClCompile Include="Source\Core\AllocateHirerachy.cpp">
      <Filter>Core</Filter>
    </ClCompile>
    <ClCompile Include="Source\Core\Billboard.cpp">
      <Filter>Core</Filter>
    </ClCompile>
    <ClCompile Include="Source\Core\BoneFrame.cpp">
      <Filter>Core</Filter>
    </ClCompile>
    <ClCompile Include="Source\Core\Camera.cpp">
      <Filter>Core</Filter>
    </ClCompile>
    <ClCompile Include="Source\Core\Collider.cpp">
      <Filter>Core</Filter>
    </ClCompile>
    <ClCompile Include="Source\Light.cpp" />
    <ClCompile Include="Source\main.cpp" />
    <ClCompile Include="Source\Player.cpp">
      <Filter>GameObject</Filter>
    </ClCompile>
    <ClCompile Include="Source\FadeScreen.cpp">
      <Filter>GameObject</Filter>
    </ClCompile>
    <ClCompile Include="Source\FreeCamera.cpp">
      <Filter>GameObject</Filter>
    </ClCompile>
    <ClCompile Include="Source\SceneGlobal.cpp">
      <Filter>Scene</Filter>
    </ClCompile>
    <ClCompile Include="Source\SceneExplorer.cpp">
      <Filter>Scene</Filter>
    </ClCompile>
    <ClCompile Include="Source\SceneImGuiTest.cpp">
      <Filter>Scene</Filter>
    </ClCompile>
    <ClCompile Include="Source\SceneYangTest.cpp">
      <Filter>Scene</Filter>
    </ClCompile>
    <ClCompile Include="Source\CameraPlay.cpp">
      <Filter>Script</Filter>
    </ClCompile>
    <ClCompile Include="Source\CameraSmoothFollow.cpp">
      <Filter>Script</Filter>
    </ClCompile>
    <ClCompile Include="Source\CameraSphericalCoordinate.cpp">
      <Filter>Script</Filter>
    </ClCompile>
    <ClCompile Include="Source\DebugManager.cpp">
      <Filter>GameObject</Filter>
    </ClCompile>
    <ClCompile Include="Source\DebugMenu.cpp">
      <Filter>Script\Debug</Filter>
    </ClCompile>
    <ClCompile Include="Source\Inspector.cpp">
      <Filter>Script\Debug</Filter>
    </ClCompile>
    <ClCompile Include="Source\InspectorContentCamera.cpp">
      <Filter>Script\Debug</Filter>
    </ClCompile>
    <ClCompile Include="Source\InspectorContentPlayer.cpp">
      <Filter>Script\Debug</Filter>
    </ClCompile>
    <ClCompile Include="Source\ObjectExplorer.cpp">
      <Filter>Script\Debug</Filter>
    </ClCompile>
    <ClCompile Include="Source\Snapshot.cpp">
      <Filter>Script\Debug</Filter>
    </ClCompile>
    <ClCompile Include="Source\Imgui\imgui_demo.cpp">
      <Filter>Imgui</Filter>
    </ClCompile>
    <ClCompile Include="Source\Imgui\imgui_draw.cpp">
      <Filter>Imgui</Filter>
    </ClCompile>
    <ClCompile Include="Source\Imgui\ImGuiImpl.cpp">
      <Filter>Imgui</Filter>
    </ClCompile>
    <ClCompile Include="Source\Imgui\imgui.cpp">
      <Filter>Imgui</Filter>
    </ClCompile>
    <ClCompile Include="Source\MainCamera.cpp">
      <Filter>GameObject</Filter>
    </ClCompile>
    <ClCompile Include="Source\SceneHaraTest.cpp">
      <Filter>Scene</Filter>
    </ClCompile>
    <ClCompile Include="Source\SceneTitle.cpp">
      <Filter>Scene</Filter>
    </ClCompile>
    <ClCompile Include="Source\SceneMainGame.cpp">
      <Filter>Scene</Filter>
    </ClCompile>
    <ClCompile Include="Source\SceneResult.cpp">
      <Filter>Scene</Filter>
    </ClCompile>
    <ClCompile Include="Source\ScoreObject.cpp" />
    <ClCompile Include="Source\TimerObject.cpp" />
  </ItemGroup>
</Project>